
Microsoft Visual Studio Solution File, Format Version 12.00
# Visual Studio Version 17
VisualStudioVersion = 17.0.31825.309
MinimumVisualStudioVersion = 10.0.40219.1
Project("{FAE04EC0-301F-11D3-BF4B-00C04F79EFBC}") = "TextCoder", "TextCoder\TextCoder.csproj", "{99281FCC-9DC0-42C1-BBB4-C7DF1C3BEDBE}"
EndProject
Global
	GlobalSection(SolutionConfigurationPlatforms) = preSolution
		Debug|Any CPU = Debug|Any CPU
		Release|Any CPU = Release|Any CPU
	EndGlobalSection
	GlobalSection(ProjectConfigurationPlatforms) = postSolution
		{99281FCC-9DC0-42C1-BBB4-C7DF1C3BEDBE}.Debug|Any CPU.ActiveCfg = Debug|Any CPU
		{99281FCC-9DC0-42C1-BBB4-C7DF1C3BEDBE}.Debug|Any CPU.Build.0 = Debug|Any CPU
		{99281FCC-9DC0-42C1-BBB4-C7DF1C3BEDBE}.Release|Any CPU.ActiveCfg = Release|Any CPU
		{99281FCC-9DC0-42C1-BBB4-C7DF1C3BEDBE}.Release|Any CPU.Build.0 = Release|Any CPU
	EndGlobalSection
	GlobalSection(SolutionProperties) = preSolution
		HideSolutionNode = FALSE
	EndGlobalSection
	GlobalSection(ExtensibilityGlobals) = postSolution
		SolutionGuid = {D489C4B2-C8C8-404E-B453-0893AA6B84E3}
	EndGlobalSection
EndGlobal
